
Microsoft Visual Studio Solution File, Format Version 12.00
# Visual Studio Version 17
VisualStudioVersion = 17.0.31903.59
MinimumVisualStudioVersion = 10.0.40219.1
Project("{2150E333-8FDC-42A3-9474-1A3956D46DE8}") = "src", "src", "{2DD826BF-8096-477B-88AA-104D2F341C48}"
EndProject
Project("{2150E333-8FDC-42A3-9474-1A3956D46DE8}") = "Orders", "Orders", "{07527F98-6AF3-4870-8AE1-9BF4360D7F3B}"
EndProject
Project("{FAE04EC0-301F-11D3-BF4B-00C04F79EFBC}") = "EShop.Orders.Api", "src\Orders\EShop.Orders.Api\EShop.Orders.Api.csproj", "{3BD0FF1F-9D7E-4110-9996-5605E8CE3098}"
EndProject
Project("{FAE04EC0-301F-11D3-BF4B-00C04F79EFBC}") = "EShop.Orders.Domain", "src\Orders\EShop.Orders.Domain\EShop.Orders.Domain.csproj", "{347C94EF-3678-4227-9D70-A82F0A35222F}"
EndProject
Project("{2150E333-8FDC-42A3-9474-1A3956D46DE8}") = "Shared", "Shared", "{BF2249E7-5F6D-45B0-BCBD-7E5EA06FE08F}"
EndProject
Project("{FAE04EC0-301F-11D3-BF4B-00C04F79EFBC}") = "Memento.Aggregate", "src\Shared\Memento.Aggregate\Memento.Aggregate.csproj", "{48A91E29-A7A8-4E67-A37F-3ECE1E0C121A}"
EndProject
Project("{FAE04EC0-301F-11D3-BF4B-00C04F79EFBC}") = "Memento.EventStore", "src\Shared\Memento.EventStore\Memento.EventStore.csproj", "{B50D436E-7253-41CC-BBE6-FC1C2A86A74D}"
EndProject
Project("{FAE04EC0-301F-11D3-BF4B-00C04F79EFBC}") = "Memento.EventStore.InMemory", "src\Shared\Memento.EventStore.InMemory\Memento.EventStore.InMemory.csproj", "{A0ACE084-E604-4A1C-AF32-148B0C4850CE}"
EndProject
Project("{2150E333-8FDC-42A3-9474-1A3956D46DE8}") = "Products", "Products", "{6E527F86-2C8C-448B-9246-8493C54EB1D8}"
EndProject
Project("{FAE04EC0-301F-11D3-BF4B-00C04F79EFBC}") = "EShop.Products.Api", "src\Products\EShop.Products.Api\EShop.Products.Api.csproj", "{F2E068D2-7CB3-4C83-B8C0-B4785423F29B}"
EndProject
Project("{FAE04EC0-301F-11D3-BF4B-00C04F79EFBC}") = "EShop.Products.Domain", "src\Products\EShop.Products.Domain\EShop.Products.Domain.csproj", "{BEE9A72F-1AF7-4C54-A615-74F4CB4E713A}"
EndProject
Global
	GlobalSection(SolutionConfigurationPlatforms) = preSolution
		Debug|Any CPU = Debug|Any CPU
		Release|Any CPU = Release|Any CPU
	EndGlobalSection
	GlobalSection(SolutionProperties) = preSolution
		HideSolutionNode = FALSE
	EndGlobalSection
	GlobalSection(NestedProjects) = preSolution
		{07527F98-6AF3-4870-8AE1-9BF4360D7F3B} = {2DD826BF-8096-477B-88AA-104D2F341C48}
		{3BD0FF1F-9D7E-4110-9996-5605E8CE3098} = {07527F98-6AF3-4870-8AE1-9BF4360D7F3B}
		{347C94EF-3678-4227-9D70-A82F0A35222F} = {07527F98-6AF3-4870-8AE1-9BF4360D7F3B}
		{BF2249E7-5F6D-45B0-BCBD-7E5EA06FE08F} = {2DD826BF-8096-477B-88AA-104D2F341C48}
		{48A91E29-A7A8-4E67-A37F-3ECE1E0C121A} = {BF2249E7-5F6D-45B0-BCBD-7E5EA06FE08F}
		{B50D436E-7253-41CC-BBE6-FC1C2A86A74D} = {BF2249E7-5F6D-45B0-BCBD-7E5EA06FE08F}
		{A0ACE084-E604-4A1C-AF32-148B0C4850CE} = {BF2249E7-5F6D-45B0-BCBD-7E5EA06FE08F}
		{6E527F86-2C8C-448B-9246-8493C54EB1D8} = {2DD826BF-8096-477B-88AA-104D2F341C48}
		{F2E068D2-7CB3-4C83-B8C0-B4785423F29B} = {6E527F86-2C8C-448B-9246-8493C54EB1D8}
		{BEE9A72F-1AF7-4C54-A615-74F4CB4E713A} = {6E527F86-2C8C-448B-9246-8493C54EB1D8}
	EndGlobalSection
	GlobalSection(ProjectConfigurationPlatforms) = postSolution
		{3BD0FF1F-9D7E-4110-9996-5605E8CE3098}.Debug|Any CPU.ActiveCfg = Debug|Any CPU
		{3BD0FF1F-9D7E-4110-9996-5605E8CE3098}.Debug|Any CPU.Build.0 = Debug|Any CPU
		{3BD0FF1F-9D7E-4110-9996-5605E8CE3098}.Release|Any CPU.ActiveCfg = Release|Any CPU
		{3BD0FF1F-9D7E-4110-9996-5605E8CE3098}.Release|Any CPU.Build.0 = Release|Any CPU
		{347C94EF-3678-4227-9D70-A82F0A35222F}.Debug|Any CPU.ActiveCfg = Debug|Any CPU
		{347C94EF-3678-4227-9D70-A82F0A35222F}.Debug|Any CPU.Build.0 = Debug|Any CPU
		{347C94EF-3678-4227-9D70-A82F0A35222F}.Release|Any CPU.ActiveCfg = Release|Any CPU
		{347C94EF-3678-4227-9D70-A82F0A35222F}.Release|Any CPU.Build.0 = Release|Any CPU
		{48A91E29-A7A8-4E67-A37F-3ECE1E0C121A}.Debug|Any CPU.ActiveCfg = Debug|Any CPU
		{48A91E29-A7A8-4E67-A37F-3ECE1E0C121A}.Debug|Any CPU.Build.0 = Debug|Any CPU
		{48A91E29-A7A8-4E67-A37F-3ECE1E0C121A}.Release|Any CPU.ActiveCfg = Release|Any CPU
		{48A91E29-A7A8-4E67-A37F-3ECE1E0C121A}.Release|Any CPU.Build.0 = Release|Any CPU
		{B50D436E-7253-41CC-BBE6-FC1C2A86A74D}.Debug|Any CPU.ActiveCfg = Debug|Any CPU
		{B50D436E-7253-41CC-BBE6-FC1C2A86A74D}.Debug|Any CPU.Build.0 = Debug|Any CPU
		{B50D436E-7253-41CC-BBE6-FC1C2A86A74D}.Release|Any CPU.ActiveCfg = Release|Any CPU
		{B50D436E-7253-41CC-BBE6-FC1C2A86A74D}.Release|Any CPU.Build.0 = Release|Any CPU
		{A0ACE084-E604-4A1C-AF32-148B0C4850CE}.Debug|Any CPU.ActiveCfg = Debug|Any CPU
		{A0ACE084-E604-4A1C-AF32-148B0C4850CE}.Debug|Any CPU.Build.0 = Debug|Any CPU
		{A0ACE084-E604-4A1C-AF32-148B0C4850CE}.Release|Any CPU.ActiveCfg = Release|Any CPU
		{A0ACE084-E604-4A1C-AF32-148B0C4850CE}.Release|Any CPU.Build.0 = Release|Any CPU
		{F2E068D2-7CB3-4C83-B8C0-B4785423F29B}.Debug|Any CPU.ActiveCfg = Debug|Any CPU
		{F2E068D2-7CB3-4C83-B8C0-B4785423F29B}.Debug|Any CPU.Build.0 = Debug|Any CPU
		{F2E068D2-7CB3-4C83-B8C0-B4785423F29B}.Release|Any CPU.ActiveCfg = Release|Any CPU
		{F2E068D2-7CB3-4C83-B8C0-B4785423F29B}.Release|Any CPU.Build.0 = Release|Any CPU
		{BEE9A72F-1AF7-4C54-A615-74F4CB4E713A}.Debug|Any CPU.ActiveCfg = Debug|Any CPU
		{BEE9A72F-1AF7-4C54-A615-74F4CB4E713A}.Debug|Any CPU.Build.0 = Debug|Any CPU
		{BEE9A72F-1AF7-4C54-A615-74F4CB4E713A}.Release|Any CPU.ActiveCfg = Release|Any CPU
		{BEE9A72F-1AF7-4C54-A615-74F4CB4E713A}.Release|Any CPU.Build.0 = Release|Any CPU
	EndGlobalSection
EndGlobal
